
Microsoft Visual Studio Solution File, Format Version 12.00
# Visual Studio Version 17
VisualStudioVersion = 17.12.35527.113
MinimumVisualStudioVersion = 10.0.40219.1
Project("{FAE04EC0-301F-11D3-BF4B-00C04F79EFBC}") = "minimal-api", "minimal-api\minimal-api.csproj", "{C6F8BF58-F43F-428F-AFF5-8BEB58CD8530}"
EndProject
Project("{FAE04EC0-301F-11D3-BF4B-00C04F79EFBC}") = "minimal-api-tests", "minimal-api-tests\minimal-api-tests.csproj", "{B37DB88F-F0A6-4483-A289-0B14E27DEFBC}"
EndProject
Global
	GlobalSection(SolutionConfigurationPlatforms) = preSolution
		Debug|Any CPU = Debug|Any CPU
		Release|Any CPU = Release|Any CPU
	EndGlobalSection
	GlobalSection(ProjectConfigurationPlatforms) = postSolution
		{C6F8BF58-F43F-428F-AFF5-8BEB58CD8530}.Debug|Any CPU.ActiveCfg = Debug|Any CPU
		{C6F8BF58-F43F-428F-AFF5-8BEB58CD8530}.Debug|Any CPU.Build.0 = Debug|Any CPU
		{C6F8BF58-F43F-428F-AFF5-8BEB58CD8530}.Release|Any CPU.ActiveCfg = Release|Any CPU
		{C6F8BF58-F43F-428F-AFF5-8BEB58CD8530}.Release|Any CPU.Build.0 = Release|Any CPU
		{B37DB88F-F0A6-4483-A289-0B14E27DEFBC}.Debug|Any CPU.ActiveCfg = Debug|Any CPU
		{B37DB88F-F0A6-4483-A289-0B14E27DEFBC}.Debug|Any CPU.Build.0 = Debug|Any CPU
		{B37DB88F-F0A6-4483-A289-0B14E27DEFBC}.Release|Any CPU.ActiveCfg = Release|Any CPU
		{B37DB88F-F0A6-4483-A289-0B14E27DEFBC}.Release|Any CPU.Build.0 = Release|Any CPU
	EndGlobalSection
	GlobalSection(SolutionProperties) = preSolution
		HideSolutionNode = FALSE
	EndGlobalSection
EndGlobal
